
Microsoft Visual Studio Solution File, Format Version 12.00
# Visual Studio Version 16
VisualStudioVersion = 16.0.29230.47
MinimumVisualStudioVersion = 10.0.40219.1
Project("{9A19103F-16F7-4668-BE54-9A1E7A4F7556}") = "SquadraExperience.Web", "SquadraExperience.Web\SquadraExperience.Web.csproj", "{AD012640-0FBE-47DA-95F9-494368B80CDE}"
EndProject
Global
	GlobalSection(SolutionConfigurationPlatforms) = preSolution
		Debug|Any CPU = Debug|Any CPU
		Release|Any CPU = Release|Any CPU
	EndGlobalSection
	GlobalSection(ProjectConfigurationPlatforms) = postSolution
		{AD012640-0FBE-47DA-95F9-494368B80CDE}.Debug|Any CPU.ActiveCfg = Debug|Any CPU
		{AD012640-0FBE-47DA-95F9-494368B80CDE}.Debug|Any CPU.Build.0 = Debug|Any CPU
		{AD012640-0FBE-47DA-95F9-494368B80CDE}.Release|Any CPU.ActiveCfg = Release|Any CPU
		{AD012640-0FBE-47DA-95F9-494368B80CDE}.Release|Any CPU.Build.0 = Release|Any CPU
	EndGlobalSection
	GlobalSection(SolutionProperties) = preSolution
		HideSolutionNode = FALSE
	EndGlobalSection
	GlobalSection(ExtensibilityGlobals) = postSolution
		SolutionGuid = {E802273F-5254-4924-9CC4-67282FDFE969}
	EndGlobalSection
EndGlobal
